
Microsoft Visual Studio Solution File, Format Version 12.00
# Visual Studio Version 16
VisualStudioVersion = 16.0.32413.511
MinimumVisualStudioVersion = 10.0.40219.1
Project("{FAE04EC0-301F-11D3-BF4B-00C04F79EFBC}") = "FaceAuthApp.UWP", "FaceAuthApp\FaceAuthApp.UWP\FaceAuthApp.UWP.csproj", "{2E9011B5-65AF-4E5C-A336-1FA5F9C1A1ED}"
EndProject
Project("{FAE04EC0-301F-11D3-BF4B-00C04F79EFBC}") = "FaceAuthApp.Android", "FaceAuthApp\FaceAuthApp.Android\FaceAuthApp.Android.csproj", "{AB7FDC2F-726F-4283-B9B4-F65A6D1A6B9E}"
EndProject
Project("{FAE04EC0-301F-11D3-BF4B-00C04F79EFBC}") = "FaceAuthApp.iOS", "FaceAuthApp\FaceAuthApp.iOS\FaceAuthApp.iOS.csproj", "{AADB54A7-88FF-4320-A48B-8CCB9EA82DE7}"
EndProject
Project("{FAE04EC0-301F-11D3-BF4B-00C04F79EFBC}") = "FaceAuthApp", "FaceAuthApp\FaceAuthApp\FaceAuthApp.csproj", "{12AEF262-56A5-447B-8EC7-DC5FC08AD2A9}"
EndProject
Global
	GlobalSection(SolutionConfigurationPlatforms) = preSolution
		Debug|Any CPU = Debug|Any CPU
		Debug|ARM = Debug|ARM
		Debug|iPhone = Debug|iPhone
		Debug|iPhoneSimulator = Debug|iPhoneSimulator
		Debug|x64 = Debug|x64
		Debug|x86 = Debug|x86
		Release|Any CPU = Release|Any CPU
		Release|ARM = Release|ARM
		Release|iPhone = Release|iPhone
		Release|iPhoneSimulator = Release|iPhoneSimulator
		Release|x64 = Release|x64
		Release|x86 = Release|x86
	EndGlobalSection
	GlobalSection(ProjectConfigurationPlatforms) = postSolution
		{2E9011B5-65AF-4E5C-A336-1FA5F9C1A1ED}.Debug|Any CPU.ActiveCfg = Debug|x86
		{2E9011B5-65AF-4E5C-A336-1FA5F9C1A1ED}.Debug|Any CPU.Build.0 = Debug|x86
		{2E9011B5-65AF-4E5C-A336-1FA5F9C1A1ED}.Debug|Any CPU.Deploy.0 = Debug|x86
		{2E9011B5-65AF-4E5C-A336-1FA5F9C1A1ED}.Debug|ARM.ActiveCfg = Debug|ARM
		{2E9011B5-65AF-4E5C-A336-1FA5F9C1A1ED}.Debug|ARM.Build.0 = Debug|ARM
		{2E9011B5-65AF-4E5C-A336-1FA5F9C1A1ED}.Debug|ARM.Deploy.0 = Debug|ARM
		{2E9011B5-65AF-4E5C-A336-1FA5F9C1A1ED}.Debug|iPhone.ActiveCfg = Debug|x86
		{2E9011B5-65AF-4E5C-A336-1FA5F9C1A1ED}.Debug|iPhone.Build.0 = Debug|x86
		{2E9011B5-65AF-4E5C-A336-1FA5F9C1A1ED}.Debug|iPhone.Deploy.0 = Debug|x86
		{2E9011B5-65AF-4E5C-A336-1FA5F9C1A1ED}.Debug|iPhoneSimulator.ActiveCfg = Debug|x86
		{2E9011B5-65AF-4E5C-A336-1FA5F9C1A1ED}.Debug|iPhoneSimulator.Build.0 = Debug|x86
		{2E9011B5-65AF-4E5C-A336-1FA5F9C1A1ED}.Debug|iPhoneSimulator.Deploy.0 = Debug|x86
		{2E9011B5-65AF-4E5C-A336-1FA5F9C1A1ED}.Debug|x64.ActiveCfg = Debug|x64
		{2E9011B5-65AF-4E5C-A336-1FA5F9C1A1ED}.Debug|x64.Build.0 = Debug|x64
		{2E9011B5-65AF-4E5C-A336-1FA5F9C1A1ED}.Debug|x64.Deploy.0 = Debug|x64
		{2E9011B5-65AF-4E5C-A336-1FA5F9C1A1ED}.Debug|x86.ActiveCfg = Debug|x86
		{2E9011B5-65AF-4E5C-A336-1FA5F9C1A1ED}.Debug|x86.Build.0 = Debug|x86
		{2E9011B5-65AF-4E5C-A336-1FA5F9C1A1ED}.Debug|x86.Deploy.0 = Debug|x86
		{2E9011B5-65AF-4E5C-A336-1FA5F9C1A1ED}.Release|Any CPU.ActiveCfg = Release|x86
		{2E9011B5-65AF-4E5C-A336-1FA5F9C1A1ED}.Release|Any CPU.Build.0 = Release|x86
		{2E9011B5-65AF-4E5C-A336-1FA5F9C1A1ED}.Release|Any CPU.Deploy.0 = Release|x86
		{2E9011B5-65AF-4E5C-A336-1FA5F9C1A1ED}.Release|ARM.ActiveCfg = Release|ARM
		{2E9011B5-65AF-4E5C-A336-1FA5F9C1A1ED}.Release|ARM.Build.0 = Release|ARM
		{2E9011B5-65AF-4E5C-A336-1FA5F9C1A1ED}.Release|ARM.Deploy.0 = Release|ARM
		{2E9011B5-65AF-4E5C-A336-1FA5F9C1A1ED}.Release|iPhone.ActiveCfg = Release|x86
		{2E9011B5-65AF-4E5C-A336-1FA5F9C1A1ED}.Release|iPhone.Build.0 = Release|x86
		{2E9011B5-65AF-4E5C-A336-1FA5F9C1A1ED}.Release|iPhone.Deploy.0 = Release|x86
		{2E9011B5-65AF-4E5C-A336-1FA5F9C1A1ED}.Release|iPhoneSimulator.ActiveCfg = Release|x86
		{2E9011B5-65AF-4E5C-A336-1FA5F9C1A1ED}.Release|iPhoneSimulator.Build.0 = Release|x86
		{2E9011B5-65AF-4E5C-A336-1FA5F9C1A1ED}.Release|iPhoneSimulator.Deploy.0 = Release|x86
		{2E9011B5-65AF-4E5C-A336-1FA5F9C1A1ED}.Release|x64.ActiveCfg = Release|x64
		{2E9011B5-65AF-4E5C-A336-1FA5F9C1A1ED}.Release|x64.Build.0 = Release|x64
		{2E9011B5-65AF-4E5C-A336-1FA5F9C1A1ED}.Release|x64.Deploy.0 = Release|x64
		{2E9011B5-65AF-4E5C-A336-1FA5F9C1A1ED}.Release|x86.ActiveCfg = Release|x86
		{2E9011B5-65AF-4E5C-A336-1FA5F9C1A1ED}.Release|x86.Build.0 = Release|x86
		{2E9011B5-65AF-4E5C-A336-1FA5F9C1A1ED}.Release|x86.Deploy.0 = Release|x86
		{AB7FDC2F-726F-4283-B9B4-F65A6D1A6B9E}.Debug|Any CPU.ActiveCfg = Debug|Any CPU
		{AB7FDC2F-726F-4283-B9B4-F65A6D1A6B9E}.Debug|Any CPU.Build.0 = Debug|Any CPU
		{AB7FDC2F-726F-4283-B9B4-F65A6D1A6B9E}.Debug|Any CPU.Deploy.0 = Debug|Any CPU
		{AB7FDC2F-726F-4283-B9B4-F65A6D1A6B9E}.Debug|ARM.ActiveCfg = Debug|Any CPU
		{AB7FDC2F-726F-4283-B9B4-F65A6D1A6B9E}.Debug|ARM.Build.0 = Debug|Any CPU
		{AB7FDC2F-726F-4283-B9B4-F65A6D1A6B9E}.Debug|ARM.Deploy.0 = Debug|Any CPU
		{AB7FDC2F-726F-4283-B9B4-F65A6D1A6B9E}.Debug|iPhone.ActiveCfg = Debug|Any CPU
		{AB7FDC2F-726F-4283-B9B4-F65A6D1A6B9E}.Debug|iPhone.Build.0 = Debug|Any CPU
		{AB7FDC2F-726F-4283-B9B4-F65A6D1A6B9E}.Debug|iPhone.Deploy.0 = Debug|Any CPU
		{AB7FDC2F-726F-4283-B9B4-F65A6D1A6B9E}.Debug|iPhoneSimulator.ActiveCfg = Debug|Any CPU
		{AB7FDC2F-726F-4283-B9B4-F65A6D1A6B9E}.Debug|iPhoneSimulator.Build.0 = Debug|Any CPU
		{AB7FDC2F-726F-4283-B9B4-F65A6D1A6B9E}.Debug|iPhoneSimulator.Deploy.0 = Debug|Any CPU
		{AB7FDC2F-726F-4283-B9B4-F65A6D1A6B9E}.Debug|x64.ActiveCfg = Debug|Any CPU
		{AB7FDC2F-726F-4283-B9B4-F65A6D1A6B9E}.Debug|x64.Build.0 = Debug|Any CPU
		{AB7FDC2F-726F-4283-B9B4-F65A6D1A6B9E}.Debug|x64.Deploy.0 = Debug|Any CPU
		{AB7FDC2F-726F-4283-B9B4-F65A6D1A6B9E}.Debug|x86.ActiveCfg = Debug|Any CPU
		{AB7FDC2F-726F-4283-B9B4-F65A6D1A6B9E}.Debug|x86.Build.0 = Debug|Any CPU
		{AB7FDC2F-726F-4283-B9B4-F65A6D1A6B9E}.Debug|x86.Deploy.0 = Debug|Any CPU
		{AB7FDC2F-726F-4283-B9B4-F65A6D1A6B9E}.Release|Any CPU.ActiveCfg = Release|Any CPU
		{AB7FDC2F-726F-4283-B9B4-F65A6D1A6B9E}.Release|Any CPU.Build.0 = Release|Any CPU
		{AB7FDC2F-726F-4283-B9B4-F65A6D1A6B9E}.Release|Any CPU.Deploy.0 = Release|Any CPU
		{AB7FDC2F-726F-4283-B9B4-F65A6D1A6B9E}.Release|ARM.ActiveCfg = Release|Any CPU
		{AB7FDC2F-726F-4283-B9B4-F65A6D1A6B9E}.Release|ARM.Build.0 = Release|Any CPU
		{AB7FDC2F-726F-4283-B9B4-F65A6D1A6B9E}.Release|ARM.Deploy.0 = Release|Any CPU
		{AB7FDC2F-726F-4283-B9B4-F65A6D1A6B9E}.Release|iPhone.ActiveCfg = Release|Any CPU
		{AB7FDC2F-726F-4283-B9B4-F65A6D1A6B9E}.Release|iPhone.Build.0 = Release|Any CPU
		{AB7FDC2F-726F-4283-B9B4-F65A6D1A6B9E}.Release|iPhone.Deploy.0 = Release|Any CPU
		{AB7FDC2F-726F-4283-B9B4-F65A6D1A6B9E}.Release|iPhoneSimulator.ActiveCfg = Release|Any CPU
		{AB7FDC2F-726F-4283-B9B4-F65A6D1A6B9E}.Release|iPhoneSimulator.Build.0 = Release|Any CPU
		{AB7FDC2F-726F-4283-B9B4-F65A6D1A6B9E}.Release|iPhoneSimulator.Deploy.0 = Release|Any CPU
		{AB7FDC2F-726F-4283-B9B4-F65A6D1A6B9E}.Release|x64.ActiveCfg = Release|Any CPU
		{AB7FDC2F-726F-4283-B9B4-F65A6D1A6B9E}.Release|x64.Build.0 = Release|Any CPU
		{AB7FDC2F-726F-4283-B9B4-F65A6D1A6B9E}.Release|x64.Deploy.0 = Release|Any CPU
		{AB7FDC2F-726F-4283-B9B4-F65A6D1A6B9E}.Release|x86.ActiveCfg = Release|Any CPU
		{AB7FDC2F-726F-4283-B9B4-F65A6D1A6B9E}.Release|x86.Build.0 = Release|Any CPU
		{AB7FDC2F-726F-4283-B9B4-F65A6D1A6B9E}.Release|x86.Deploy.0 = Release|Any CPU
		{AADB54A7-88FF-4320-A48B-8CCB9EA82DE7}.Debug|Any CPU.ActiveCfg = Debug|iPhoneSimulator
		{AADB54A7-88FF-4320-A48B-8CCB9EA82DE7}.Debug|Any CPU.Build.0 = Debug|iPhoneSimulator
		{AADB54A7-88FF-4320-A48B-8CCB9EA82DE7}.Debug|Any CPU.Deploy.0 = Debug|iPhoneSimulator
		{AADB54A7-88FF-4320-A48B-8CCB9EA82DE7}.Debug|ARM.ActiveCfg = Debug|iPhone
		{AADB54A7-88FF-4320-A48B-8CCB9EA82DE7}.Debug|ARM.Build.0 = Debug|iPhone
		{AADB54A7-88FF-4320-A48B-8CCB9EA82DE7}.Debug|ARM.Deploy.0 = Debug|iPhone
		{AADB54A7-88FF-4320-A48B-8CCB9EA82DE7}.Debug|iPhone.ActiveCfg = Debug|iPhone
		{AADB54A7-88FF-4320-A48B-8CCB9EA82DE7}.Debug|iPhone.Build.0 = Debug|iPhone
		{AADB54A7-88FF-4320-A48B-8CCB9EA82DE7}.Debug|iPhone.Deploy.0 = Debug|iPhone
		{AADB54A7-88FF-4320-A48B-8CCB9EA82DE7}.Debug|iPhoneSimulator.ActiveCfg = Debug|iPhoneSimulator
		{AADB54A7-88FF-4320-A48B-8CCB9EA82DE7}.Debug|iPhoneSimulator.Build.0 = Debug|iPhoneSimulator
		{AADB54A7-88FF-4320-A48B-8CCB9EA82DE7}.Debug|iPhoneSimulator.Deploy.0 = Debug|iPhoneSimulator
		{AADB54A7-88FF-4320-A48B-8CCB9EA82DE7}.Debug|x64.ActiveCfg = Debug|iPhoneSimulator
		{AADB54A7-88FF-4320-A48B-8CCB9EA82DE7}.Debug|x64.Build.0 = Debug|iPhoneSimulator
		{AADB54A7-88FF-4320-A48B-8CCB9EA82DE7}.Debug|x64.Deploy.0 = Debug|iPhoneSimulator
		{AADB54A7-88FF-4320-A48B-8CCB9EA82DE7}.Debug|x86.ActiveCfg = Debug|iPhoneSimulator
		{AADB54A7-88FF-4320-A48B-8CCB9EA82DE7}.Debug|x86.Build.0 = Debug|iPhoneSimulator
		{AADB54A7-88FF-4320-A48B-8CCB9EA82DE7}.Debug|x86.Deploy.0 = Debug|iPhoneSimulator
		{AADB54A7-88FF-4320-A48B-8CCB9EA82DE7}.Release|Any CPU.ActiveCfg = Release|iPhoneSimulator
		{AADB54A7-88FF-4320-A48B-8CCB9EA82DE7}.Release|Any CPU.Build.0 = Release|iPhoneSimulator
		{AADB54A7-88FF-4320-A48B-8CCB9EA82DE7}.Release|Any CPU.Deploy.0 = Release|iPhoneSimulator
		{AADB54A7-88FF-4320-A48B-8CCB9EA82DE7}.Release|ARM.ActiveCfg = Release|iPhoneSimulator
		{AADB54A7-88FF-4320-A48B-8CCB9EA82DE7}.Release|ARM.Build.0 = Release|iPhoneSimulator
		{AADB54A7-88FF-4320-A48B-8CCB9EA82DE7}.Release|ARM.Deploy.0 = Release|iPhoneSimulator
		{AADB54A7-88FF-4320-A48B-8CCB9EA82DE7}.Release|iPhone.ActiveCfg = Release|iPhone
		{AADB54A7-88FF-4320-A48B-8CCB9EA82DE7}.Release|iPhone.Build.0 = Release|iPhone
		{AADB54A7-88FF-4320-A48B-8CCB9EA82DE7}.Release|iPhone.Deploy.0 = Release|iPhone
		{AADB54A7-88FF-4320-A48B-8CCB9EA82DE7}.Release|iPhoneSimulator.ActiveCfg = Release|iPhoneSimulator
		{AADB54A7-88FF-4320-A48B-8CCB9EA82DE7}.Release|iPhoneSimulator.Build.0 = Release|iPhoneSimulator
		{AADB54A7-88FF-4320-A48B-8CCB9EA82DE7}.Release|iPhoneSimulator.Deploy.0 = Release|iPhoneSimulator
		{AADB54A7-88FF-4320-A48B-8CCB9EA82DE7}.Release|x64.ActiveCfg = Release|iPhoneSimulator
		{AADB54A7-88FF-4320-A48B-8CCB9EA82DE7}.Release|x64.Build.0 = Release|iPhoneSimulator
		{AADB54A7-88FF-4320-A48B-8CCB9EA82DE7}.Release|x64.Deploy.0 = Release|iPhoneSimulator
		{AADB54A7-88FF-4320-A48B-8CCB9EA82DE7}.Release|x86.ActiveCfg = Release|iPhoneSimulator
		{AADB54A7-88FF-4320-A48B-8CCB9EA82DE7}.Release|x86.Build.0 = Release|iPhoneSimulator
		{AADB54A7-88FF-4320-A48B-8CCB9EA82DE7}.Release|x86.Deploy.0 = Release|iPhoneSimulator
		{12AEF262-56A5-447B-8EC7-DC5FC08AD2A9}.Debug|Any CPU.ActiveCfg = Debug|Any CPU
		{12AEF262-56A5-447B-8EC7-DC5FC08AD2A9}.Debug|Any CPU.Build.0 = Debug|Any CPU
		{12AEF262-56A5-447B-8EC7-DC5FC08AD2A9}.Debug|Any CPU.Deploy.0 = Debug|Any CPU
		{12AEF262-56A5-447B-8EC7-DC5FC08AD2A9}.Debug|ARM.ActiveCfg = Debug|Any CPU
		{12AEF262-56A5-447B-8EC7-DC5FC08AD2A9}.Debug|ARM.Build.0 = Debug|Any CPU
		{12AEF262-56A5-447B-8EC7-DC5FC08AD2A9}.Debug|ARM.Deploy.0 = Debug|Any CPU
		{12AEF262-56A5-447B-8EC7-DC5FC08AD2A9}.Debug|iPhone.ActiveCfg = Debug|Any CPU
		{12AEF262-56A5-447B-8EC7-DC5FC08AD2A9}.Debug|iPhone.Build.0 = Debug|Any CPU
		{12AEF262-56A5-447B-8EC7-DC5FC08AD2A9}.Debug|iPhone.Deploy.0 = Debug|Any CPU
		{12AEF262-56A5-447B-8EC7-DC5FC08AD2A9}.Debug|iPhoneSimulator.ActiveCfg = Debug|Any CPU
		{12AEF262-56A5-447B-8EC7-DC5FC08AD2A9}.Debug|iPhoneSimulator.Build.0 = Debug|Any CPU
		{12AEF262-56A5-447B-8EC7-DC5FC08AD2A9}.Debug|iPhoneSimulator.Deploy.0 = Debug|Any CPU
		{12AEF262-56A5-447B-8EC7-DC5FC08AD2A9}.Debug|x64.ActiveCfg = Debug|Any CPU
		{12AEF262-56A5-447B-8EC7-DC5FC08AD2A9}.Debug|x64.Build.0 = Debug|Any CPU
		{12AEF262-56A5-447B-8EC7-DC5FC08AD2A9}.Debug|x64.Deploy.0 = Debug|Any CPU
		{12AEF262-56A5-447B-8EC7-DC5FC08AD2A9}.Debug|x86.ActiveCfg = Debug|Any CPU
		{12AEF262-56A5-447B-8EC7-DC5FC08AD2A9}.Debug|x86.Build.0 = Debug|Any CPU
		{12AEF262-56A5-447B-8EC7-DC5FC08AD2A9}.Debug|x86.Deploy.0 = Debug|Any CPU
		{12AEF262-56A5-447B-8EC7-DC5FC08AD2A9}.Release|Any CPU.ActiveCfg = Release|Any CPU
		{12AEF262-56A5-447B-8EC7-DC5FC08AD2A9}.Release|Any CPU.Build.0 = Release|Any CPU
		{12AEF262-56A5-447B-8EC7-DC5FC08AD2A9}.Release|Any CPU.Deploy.0 = Release|Any CPU
		{12AEF262-56A5-447B-8EC7-DC5FC08AD2A9}.Release|ARM.ActiveCfg = Release|Any CPU
		{12AEF262-56A5-447B-8EC7-DC5FC08AD2A9}.Release|ARM.Build.0 = Release|Any CPU
		{12AEF262-56A5-447B-8EC7-DC5FC08AD2A9}.Release|ARM.Deploy.0 = Release|Any CPU
		{12AEF262-56A5-447B-8EC7-DC5FC08AD2A9}.Release|iPhone.ActiveCfg = Release|Any CPU
		{12AEF262-56A5-447B-8EC7-DC5FC08AD2A9}.Release|iPhone.Build.0 = Release|Any CPU
		{12AEF262-56A5-447B-8EC7-DC5FC08AD2A9}.Release|iPhone.Deploy.0 = Release|Any CPU
		{12AEF262-56A5-447B-8EC7-DC5FC08AD2A9}.Release|iPhoneSimulator.ActiveCfg = Release|Any CPU
		{12AEF262-56A5-447B-8EC7-DC5FC08AD2A9}.Release|iPhoneSimulator.Build.0 = Release|Any CPU
		{12AEF262-56A5-447B-8EC7-DC5FC08AD2A9}.Release|iPhoneSimulator.Deploy.0 = Release|Any CPU
		{12AEF262-56A5-447B-8EC7-DC5FC08AD2A9}.Release|x64.ActiveCfg = Release|Any CPU
		{12AEF262-56A5-447B-8EC7-DC5FC08AD2A9}.Release|x64.Build.0 = Release|Any CPU
		{12AEF262-56A5-447B-8EC7-DC5FC08AD2A9}.Release|x64.Deploy.0 = Release|Any CPU
		{12AEF262-56A5-447B-8EC7-DC5FC08AD2A9}.Release|x86.ActiveCfg = Release|Any CPU
		{12AEF262-56A5-447B-8EC7-DC5FC08AD2A9}.Release|x86.Build.0 = Release|Any CPU
		{12AEF262-56A5-447B-8EC7-DC5FC08AD2A9}.Release|x86.Deploy.0 = Release|Any CPU
	EndGlobalSection
	GlobalSection(SolutionProperties) = preSolution
		HideSolutionNode = FALSE
	EndGlobalSection
	GlobalSection(ExtensibilityGlobals) = postSolution
		SolutionGuid = {2F0E2B41-58C2-4DEC-AB3F-7020156E0BEB}
	EndGlobalSection
EndGlobal
